
Microsoft Visual Studio Solution File, Format Version 12.00
# Visual Studio Version 17
VisualStudioVersion = 17.14.36414.22 d17.14
MinimumVisualStudioVersion = 10.0.40219.1
Project("{FAE04EC0-301F-11D3-BF4B-00C04F79EFBC}") = "hypotenuseFinder", "hypotenuseFinder.csproj", "{5C19E7CE-DCEE-4722-8EDD-3CF6270EBF4D}"
EndProject
Global
	GlobalSection(SolutionConfigurationPlatforms) = preSolution
		Debug|Any CPU = Debug|Any CPU
		Release|Any CPU = Release|Any CPU
	EndGlobalSection
	GlobalSection(ProjectConfigurationPlatforms) = postSolution
		{5C19E7CE-DCEE-4722-8EDD-3CF6270EBF4D}.Debug|Any CPU.ActiveCfg = Release|Any CPU
		{5C19E7CE-DCEE-4722-8EDD-3CF6270EBF4D}.Debug|Any CPU.Build.0 = Release|Any CPU
		{5C19E7CE-DCEE-4722-8EDD-3CF6270EBF4D}.Release|Any CPU.ActiveCfg = Release|Any CPU
		{5C19E7CE-DCEE-4722-8EDD-3CF6270EBF4D}.Release|Any CPU.Build.0 = Release|Any CPU
	EndGlobalSection
	GlobalSection(SolutionProperties) = preSolution
		HideSolutionNode = FALSE
	EndGlobalSection
	GlobalSection(ExtensibilityGlobals) = postSolution
		SolutionGuid = {9C261A59-4054-4F26-A8E1-AE6E5F071E17}
	EndGlobalSection
EndGlobal
